# This file is automatically @generated by Cargo.
# It is not intended for manual editing.
version = 4

[[package]]
name = "equivalent"
version = "1.0.2"
source = "registry+https://github.com/rust-lang/crates.io-index"
checksum = "877a4ace8713b0bcf2a4e7eec82529c029f1d0619886d18145fea96c3ffe5c0f"

[[package]]
name = "hashbrown"
version = "0.17.1"
source = "registry+https://github.com/rust-lang/crates.io-index"
checksum = "ed5909b6e89a2db4456e54cd5f673791d7eca6732202bbf2a9cc504fe2f9b84a"

[[package]]
name = "indexmap"
version = "2.14.0"
source = "registry+https://github.com/rust-lang/crates.io-index"
checksum = "d466e9454f08e4a911e14806c24e16fba1b4c121d1ea474396f396069cf949d9"
dependencies = [
 "equivalent",
 "hashbrown",
]

[[package]]
name = "memchr"
version = "2.8.0"
source = "registry+https://github.com/rust-lang/crates.io-index"
checksum = "f8ca58f447f06ed17d5fc4043ce1b10dd205e060fb3ce5b979b8ed8e59ff3f79"

[[package]]
name = "proc-macro2"
version = "1.0.106"
source = "registry+https://github.com/rust-lang/crates.io-index"
checksum = "8fd00f0bb2e90d81d1044c2b32617f68fcb9fa3bb7640c23e9c748e53fb30934"
dependencies = [
 "unicode-ident",
]

[[package]]
name = "quote"
version = "1.0.45"
source = "registry+https://github.com/rust-lang/crates.io-index"
checksum = "41f2619966050689382d2b44f664f4bc593e129785a36d6ee376ddf37259b924"
dependencies = [
 "proc-macro2",
]

[[package]]
name = "rustuse"
version = "0.1.2"
dependencies = [
 "use-algebra",
 "use-astronomical-constants",
 "use-atomic-mass",
 "use-atomic-number",
 "use-calculus",
 "use-catalan",
 "use-chemical-constants",
 "use-chemistry",
 "use-combinatorics",
 "use-complex",
 "use-computing-constants",
 "use-constants",
 "use-crate",
 "use-earth-constants",
 "use-electron-shell",
 "use-element",
 "use-geometry",
 "use-integer",
 "use-linear",
 "use-logic",
 "use-math",
 "use-math-constants",
 "use-number",
 "use-periodic-table",
 "use-physical-constants",
 "use-probability",
 "use-rational",
 "use-real",
 "use-rust",
 "use-series",
 "use-set",
 "use-statistics",
 "use-trigonometry",
 "use-version",
]

[[package]]
name = "semver"
version = "1.0.28"
source = "registry+https://github.com/rust-lang/crates.io-index"
checksum = "8a7852d02fc848982e0c167ef163aaff9cd91dc640ba85e263cb1ce46fae51cd"
dependencies = [
 "serde",
 "serde_core",
]

[[package]]
name = "serde"
version = "1.0.228"
source = "registry+https://github.com/rust-lang/crates.io-index"
checksum = "9a8e94ea7f378bd32cbbd37198a4a91436180c5bb472411e48b5ec2e2124ae9e"
dependencies = [
 "serde_core",
 "serde_derive",
]

[[package]]
name = "serde_core"
version = "1.0.228"
source = "registry+https://github.com/rust-lang/crates.io-index"
checksum = "41d385c7d4ca58e59fc732af25c3983b67ac852c1a25000afe1175de458b67ad"
dependencies = [
 "serde_derive",
]

[[package]]
name = "serde_derive"
version = "1.0.228"
source = "registry+https://github.com/rust-lang/crates.io-index"
checksum = "d540f220d3187173da220f885ab66608367b6574e925011a9353e4badda91d79"
dependencies = [
 "proc-macro2",
 "quote",
 "syn",
]

[[package]]
name = "syn"
version = "2.0.117"
source = "registry+https://github.com/rust-lang/crates.io-index"
checksum = "e665b8803e7b1d2a727f4023456bbbbe74da67099c585258af0ad9c5013b9b99"
dependencies = [
 "proc-macro2",
 "quote",
 "unicode-ident",
]

[[package]]
name = "toml_datetime"
version = "0.6.11"
source = "registry+https://github.com/rust-lang/crates.io-index"
checksum = "22cddaf88f4fbc13c51aebbf5f8eceb5c7c5a9da2ac40a13519eb5b0a0e8f11c"

[[package]]
name = "toml_edit"
version = "0.22.27"
source = "registry+https://github.com/rust-lang/crates.io-index"
checksum = "41fe8c660ae4257887cf66394862d21dbca4a6ddd26f04a3560410406a2f819a"
dependencies = [
 "indexmap",
 "toml_datetime",
 "toml_write",
 "winnow",
]

[[package]]
name = "toml_write"
version = "0.1.2"
source = "registry+https://github.com/rust-lang/crates.io-index"
checksum = "5d99f8c9a7727884afe522e9bd5edbfc91a3312b36a77b5fb8926e4c31a41801"

[[package]]
name = "unicode-ident"
version = "1.0.24"
source = "registry+https://github.com/rust-lang/crates.io-index"
checksum = "e6e4313cd5fcd3dad5cafa179702e2b244f760991f45397d14d4ebf38247da75"

[[package]]
name = "use-algebra"
version = "0.0.3"

[[package]]
name = "use-arithmetic"
version = "0.0.3"

[[package]]
name = "use-astronomical-constants"
version = "0.1.0"

[[package]]
name = "use-atomic-mass"
version = "0.1.0"
dependencies = [
 "use-element",
]

[[package]]
name = "use-atomic-number"
version = "0.1.0"
dependencies = [
 "use-element",
]

[[package]]
name = "use-calculus"
version = "0.0.3"

[[package]]
name = "use-catalan"
version = "0.0.3"

[[package]]
name = "use-chemical-constants"
version = "0.1.0"

[[package]]
name = "use-chemistry"
version = "0.1.0"
dependencies = [
 "use-atomic-mass",
 "use-atomic-number",
 "use-electron-shell",
 "use-element",
 "use-periodic-table",
]

[[package]]
name = "use-combinatorics"
version = "0.0.3"

[[package]]
name = "use-complex"
version = "0.0.3"

[[package]]
name = "use-computing-constants"
version = "0.1.0"

[[package]]
name = "use-constants"
version = "0.1.0"
dependencies = [
 "use-astronomical-constants",
 "use-chemical-constants",
 "use-computing-constants",
 "use-earth-constants",
 "use-math-constants",
 "use-physical-constants",
]

[[package]]
name = "use-crate"
version = "0.1.0"
dependencies = [
 "serde",
 "toml_edit",
]

[[package]]
name = "use-earth-constants"
version = "0.1.0"

[[package]]
name = "use-electron-shell"
version = "0.1.0"
dependencies = [
 "use-element",
]

[[package]]
name = "use-element"
version = "0.1.0"

[[package]]
name = "use-geode"
version = "0.0.3"
dependencies = [
 "use-catalan",
]

[[package]]
name = "use-geometry"
version = "0.0.3"

[[package]]
name = "use-integer"
version = "0.0.3"

[[package]]
name = "use-linear"
version = "0.0.3"
dependencies = [
 "use-matrix",
 "use-vector",
]

[[package]]
name = "use-logic"
version = "0.0.3"

[[package]]
name = "use-math"
version = "0.0.3"
dependencies = [
 "use-algebra",
 "use-arithmetic",
 "use-calculus",
 "use-catalan",
 "use-combinatorics",
 "use-complex",
 "use-geode",
 "use-geometry",
 "use-integer",
 "use-linear",
 "use-logic",
 "use-matrix",
 "use-number",
 "use-probability",
 "use-rational",
 "use-real",
 "use-series",
 "use-set",
 "use-statistics",
 "use-trigonometry",
 "use-vector",
]

[[package]]
name = "use-math-constants"
version = "0.1.0"

[[package]]
name = "use-matrix"
version = "0.0.3"
dependencies = [
 "use-vector",
]

[[package]]
name = "use-number"
version = "0.0.3"

[[package]]
name = "use-periodic-table"
version = "0.1.0"
dependencies = [
 "use-element",
]

[[package]]
name = "use-physical-constants"
version = "0.1.0"

[[package]]
name = "use-probability"
version = "0.0.3"

[[package]]
name = "use-rational"
version = "0.0.3"

[[package]]
name = "use-real"
version = "0.0.3"

[[package]]
name = "use-rust"
version = "0.1.0"
dependencies = [
 "use-crate",
 "use-version",
]

[[package]]
name = "use-series"
version = "0.0.3"

[[package]]
name = "use-set"
version = "0.0.3"

[[package]]
name = "use-statistics"
version = "0.0.3"

[[package]]
name = "use-trigonometry"
version = "0.0.3"

[[package]]
name = "use-vector"
version = "0.0.3"

[[package]]
name = "use-version"
version = "0.1.0"
dependencies = [
 "semver",
 "serde",
]

[[package]]
name = "winnow"
version = "0.7.15"
source = "registry+https://github.com/rust-lang/crates.io-index"
checksum = "df79d97927682d2fd8adb29682d1140b343be4ac0f08fd68b7765d9c059d3945"
dependencies = [
 "memchr",
]
